<?xml version="1.0" encoding="utf-8"?>
<Project ToolsVersion="4.0" xmlns="http://schemas.microsoft.com/developer/msbuild/2003">
  <ItemGroup>
    <Filter Include="Source Files">
      <UniqueIdentifier>{4FC737F1-C7A5-4376-A066-2A32D752A2FF}</UniqueIdentifier>
      <Extensions>cpp;c;cc;cxx;c++;cppm;ixx;def;odl;idl;hpj;bat;asm;asmx</Extensions>
    </Filter>
    <Filter Include="Header Files">
      <UniqueIdentifier>{93995380-89BD-4b04-88EB-625FBE52EBFB}</UniqueIdentifier>
      <Extensions>h;hh;hpp;hxx;h++;hm;inl;inc;ipp;xsd</Extensions>
    </Filter>
    <Filter Include="Resource Files">
      <UniqueIdentifier>{67DA6AB6-F800-4c08-8B7A-83BB121AAD01}</UniqueIdentifier>
      <Extensions>rc;ico;cur;bmp;dlg;rc2;rct;bin;rgs;gif;jpg;jpeg;jpe;resx;tiff;tif;png;wav;mfcribbon-ms</Extensions>
    </Filter>
  </ItemGroup>
  <ItemGroup>
    <ClCompile Include="src\aberration.c">
      <Filter>Source Files</Filter>
    </ClCompile>
    <ClCompile Include="src\airmass.c">
      <Filter>Source Files</Filter>
    </ClCompile>
    <ClCompile Include="src\angular_separation.c">
      <Filter>Source Files</Filter>
    </ClCompile>
    <ClCompile Include="src\apparent_position.c">
      <Filter>Source Files</Filter>
    </ClCompile>
    <ClCompile Include="src\asteroid.c">
      <Filter>Source Files</Filter>
    </ClCompile>
    <ClCompile Include="src\comet.c">
      <Filter>Source Files</Filter>
    </ClCompile>
    <ClCompile Include="src\constellation.c">
      <Filter>Source Files</Filter>
    </ClCompile>
    <ClCompile Include="src\dynamical_time.c">
      <Filter>Source Files</Filter>
    </ClCompile>
    <ClCompile Include="src\earth.c">
      <Filter>Source Files</Filter>
    </ClCompile>
    <ClCompile Include="src\elliptic_motion.c">
      <Filter>Source Files</Filter>
    </ClCompile>
    <ClCompile Include="src\heliocentric_time.c">
      <Filter>Source Files</Filter>
    </ClCompile>
    <ClCompile Include="src\hyperbolic_motion.c">
      <Filter>Source Files</Filter>
    </ClCompile>
    <ClCompile Include="src\julian_day.c">
      <Filter>Source Files</Filter>
    </ClCompile>
    <ClCompile Include="src\jupiter.c">
      <Filter>Source Files</Filter>
    </ClCompile>
    <ClCompile Include="src\lunar.c">
      <Filter>Source Files</Filter>
    </ClCompile>
    <ClCompile Include="src\mars.c">
      <Filter>Source Files</Filter>
    </ClCompile>
    <ClCompile Include="src\mercury.c">
      <Filter>Source Files</Filter>
    </ClCompile>
    <ClCompile Include="src\misc.c">
      <Filter>Source Files</Filter>
    </ClCompile>
    <ClCompile Include="src\neptune.c">
      <Filter>Source Files</Filter>
    </ClCompile>
    <ClCompile Include="src\nutation.c">
      <Filter>Source Files</Filter>
    </ClCompile>
    <ClCompile Include="src\parabolic_motion.c">
      <Filter>Source Files</Filter>
    </ClCompile>
    <ClCompile Include="src\parallax.c">
      <Filter>Source Files</Filter>
    </ClCompile>
    <ClCompile Include="src\pluto.c">
      <Filter>Source Files</Filter>
    </ClCompile>
    <ClCompile Include="src\precession.c">
      <Filter>Source Files</Filter>
    </ClCompile>
    <ClCompile Include="src\proper_motion.c">
      <Filter>Source Files</Filter>
    </ClCompile>
    <ClCompile Include="src\refraction.c">
      <Filter>Source Files</Filter>
    </ClCompile>
    <ClCompile Include="src\rise_set.c">
      <Filter>Source Files</Filter>
    </ClCompile>
    <ClCompile Include="src\saturn.c">
      <Filter>Source Files</Filter>
    </ClCompile>
    <ClCompile Include="src\sidereal_time.c">
      <Filter>Source Files</Filter>
    </ClCompile>
    <ClCompile Include="src\solar.c">
      <Filter>Source Files</Filter>
    </ClCompile>
    <ClCompile Include="src\transform.c">
      <Filter>Source Files</Filter>
    </ClCompile>
    <ClCompile Include="src\uranus.c">
      <Filter>Source Files</Filter>
    </ClCompile>
    <ClCompile Include="src\utility.c">
      <Filter>Source Files</Filter>
    </ClCompile>
    <ClCompile Include="src\venus.c">
      <Filter>Source Files</Filter>
    </ClCompile>
    <ClCompile Include="src\vsop87.c">
      <Filter>Source Files</Filter>
    </ClCompile>
  </ItemGroup>
  <ItemGroup>
    <ClInclude Include="src\libnova\aberration.h">
      <Filter>Header Files</Filter>
    </ClInclude>
    <ClInclude Include="src\libnova\airmass.h">
      <Filter>Header Files</Filter>
    </ClInclude>
    <ClInclude Include="src\libnova\angular_separation.h">
      <Filter>Header Files</Filter>
    </ClInclude>
    <ClInclude Include="src\libnova\apparent_position.h">
      <Filter>Header Files</Filter>
    </ClInclude>
    <ClInclude Include="src\libnova\asteroid.h">
      <Filter>Header Files</Filter>
    </ClInclude>
    <ClInclude Include="src\libnova\comet.h">
      <Filter>Header Files</Filter>
    </ClInclude>
    <ClInclude Include="src\libnova\confdefs.h">
      <Filter>Header Files</Filter>
    </ClInclude>
    <ClInclude Include="src\libnova\constellation.h">
      <Filter>Header Files</Filter>
    </ClInclude>
    <ClInclude Include="src\libnova\dynamical_time.h">
      <Filter>Header Files</Filter>
    </ClInclude>
    <ClInclude Include="src\libnova\earth.h">
      <Filter>Header Files</Filter>
    </ClInclude>
    <ClInclude Include="src\libnova\elliptic_motion.h">
      <Filter>Header Files</Filter>
    </ClInclude>
    <ClInclude Include="src\libnova\heliocentric_time.h">
      <Filter>Header Files</Filter>
    </ClInclude>
    <ClInclude Include="src\libnova\hyperbolic_motion.h">
      <Filter>Header Files</Filter>
    </ClInclude>
    <ClInclude Include="src\libnova\julian_day.h">
      <Filter>Header Files</Filter>
    </ClInclude>
    <ClInclude Include="src\libnova\jupiter.h">
      <Filter>Header Files</Filter>
    </ClInclude>
    <ClInclude Include="src\libnova\libnova.h">
      <Filter>Header Files</Filter>
    </ClInclude>
    <ClInclude Include="src\libnova\ln_types.h">
      <Filter>Header Files</Filter>
    </ClInclude>
    <ClInclude Include="src\libnova\lunar.h">
      <Filter>Header Files</Filter>
    </ClInclude>
    <ClInclude Include="src\libnova\mars.h">
      <Filter>Header Files</Filter>
    </ClInclude>
    <ClInclude Include="src\libnova\mercury.h">
      <Filter>Header Files</Filter>
    </ClInclude>
    <ClInclude Include="src\libnova\neptune.h">
      <Filter>Header Files</Filter>
    </ClInclude>
    <ClInclude Include="src\libnova\nutation.h">
      <Filter>Header Files</Filter>
    </ClInclude>
    <ClInclude Include="src\libnova\parabolic_motion.h">
      <Filter>Header Files</Filter>
    </ClInclude>
    <ClInclude Include="src\libnova\parallax.h">
      <Filter>Header Files</Filter>
    </ClInclude>
    <ClInclude Include="src\libnova\pluto.h">
      <Filter>Header Files</Filter>
    </ClInclude>
    <ClInclude Include="src\libnova\precession.h">
      <Filter>Header Files</Filter>
    </ClInclude>
    <ClInclude Include="src\libnova\proper_motion.h">
      <Filter>Header Files</Filter>
    </ClInclude>
    <ClInclude Include="src\libnova\refraction.h">
      <Filter>Header Files</Filter>
    </ClInclude>
    <ClInclude Include="src\libnova\rise_set.h">
      <Filter>Header Files</Filter>
    </ClInclude>
    <ClInclude Include="src\libnova\saturn.h">
      <Filter>Header Files</Filter>
    </ClInclude>
    <ClInclude Include="src\libnova\sidereal_time.h">
      <Filter>Header Files</Filter>
    </ClInclude>
    <ClInclude Include="src\libnova\solar.h">
      <Filter>Header Files</Filter>
    </ClInclude>
    <ClInclude Include="src\libnova\transform.h">
      <Filter>Header Files</Filter>
    </ClInclude>
    <ClInclude Include="src\libnova\uranus.h">
      <Filter>Header Files</Filter>
    </ClInclude>
    <ClInclude Include="src\libnova\utility.h">
      <Filter>Header Files</Filter>
    </ClInclude>
    <ClInclude Include="src\libnova\venus.h">
      <Filter>Header Files</Filter>
    </ClInclude>
    <ClInclude Include="src\libnova\vsop87.h">
      <Filter>Header Files</Filter>
    </ClInclude>
    <ClInclude Include="src\config.h">
      <Filter>Header Files</Filter>
    </ClInclude>
  </ItemGroup>
</Project>